
Microsoft Visual Studio Solution File, Format Version 12.00
# Visual Studio 15
VisualStudioVersion = 15.0.28307.168
MinimumVisualStudioVersion = 10.0.40219.1
Project("{FAE04EC0-301F-11D3-BF4B-00C04F79EFBC}") = "TaskManager.WebMVC", "TaskManager.WebMVC\TaskManager.WebMVC.csproj", "{393F00B5-AB78-4991-A4CC-B85E3ECCAD1D}"
EndProject
Global
	GlobalSection(SolutionConfigurationPlatforms) = preSolution
		Debug|Any CPU = Debug|Any CPU
		Release|Any CPU = Release|Any CPU
	EndGlobalSection
	GlobalSection(ProjectConfigurationPlatforms) = postSolution
		{393F00B5-AB78-4991-A4CC-B85E3ECCAD1D}.Debug|Any CPU.ActiveCfg = Debug|Any CPU
		{393F00B5-AB78-4991-A4CC-B85E3ECCAD1D}.Debug|Any CPU.Build.0 = Debug|Any CPU
		{393F00B5-AB78-4991-A4CC-B85E3ECCAD1D}.Release|Any CPU.ActiveCfg = Release|Any CPU
		{393F00B5-AB78-4991-A4CC-B85E3ECCAD1D}.Release|Any CPU.Build.0 = Release|Any CPU
	EndGlobalSection
	GlobalSection(SolutionProperties) = preSolution
		HideSolutionNode = FALSE
	EndGlobalSection
	GlobalSection(ExtensibilityGlobals) = postSolution
		SolutionGuid = {B03B4A1A-36A2-4E0E-BC3A-4A4D33BF7205}
	EndGlobalSection
EndGlobal
